{
  "name": "oflow",
  "version": "0.1.0",
  "lockfileVersion": 3,
  "requires": true,
  "packages": {
    "": {
      "name": "oflow",
      "version": "0.1.0",
      "license": "MIT",
      "dependencies": {
        "@openai/codex": "^0.154.0"
      },
      "bin": {
        "oflow": "dist/cli.js"
      },
      "devDependencies": {
        "@types/node": "^22.10.0",
        "typescript": "^5.7.2"
      },
      "engines": {
        "node": ">=20"
      }
    },
    "node_modules/@openai/codex": {
      "version": "0.154.0",
      "resolved": "https://registry.npmjs.org/@openai/codex/-/codex-0.154.0.tgz",
      "integrity": "sha512-FV/x1OHXYv/ifjf3mXj9ThTTAWcUZN6cGIRQRhRxkKNOPuImu1WW0c8ev1vUkE9XGH90dEnYG1tBjIkxRikg0w==",
      "bin": {
        "codex": "bin/codex.js"
      },
      "engines": {
        "node": ">=16"
      },
      "optionalDependencies": {
        "@openai/codex-darwin-arm64": "npm:@openai/codex@0.154.0-darwin-arm64",
        "@openai/codex-darwin-x64": "npm:@openai/codex@0.154.0-darwin-x64",
        "@openai/codex-linux-arm64": "npm:@openai/codex@0.154.0-linux-arm64",
        "@openai/codex-linux-x64": "npm:@openai/codex@0.154.0-linux-x64",
        "@openai/codex-win32-arm64": "npm:@openai/codex@0.154.0-win32-arm64",
        "@openai/codex-win32-x64": "npm:@openai/codex@0.154.0-win32-x64"
      }
    },
    "node_modules/@openai/codex-darwin-arm64": {
      "name": "@openai/codex",
      "version": "0.154.0-darwin-arm64",
      "resolved": "https://registry.npmjs.org/@openai/codex/-/codex-0.154.0-darwin-arm64.tgz",
      "integrity": "sha512-HP/vJCH/t2hB9Kg6hotN9UglClJ6/z584fal5lEP14C9gNAgAQS4/kTQC7l5V+BA3TqwDPwINSjul28cX8AYXg==",
      "cpu": [
        "arm64"
      ],
      "optional": true,
      "os": [
        "darwin"
      ],
      "engines": {
        "node": ">=16"
      }
    },
    "node_modules/@openai/codex-darwin-x64": {
      "name": "@openai/codex",
      "version": "0.154.0-darwin-x64",
      "resolved": "https://registry.npmjs.org/@openai/codex/-/codex-0.154.0-darwin-x64.tgz",
      "integrity": "sha512-2aqz+72Hop8PF2RYglQ4JnGjm3OlRIrTykJIT0hyLeUgM6NCFy09RgTmqRCoWliKQZjEn9jjZqUEp7QujAj77g==",
      "cpu": [
        "x64"
      ],
      "optional": true,
      "os": [
        "darwin"
      ],
      "engines": {
        "node": ">=16"
      }
    },
    "node_modules/@openai/codex-linux-arm64": {
      "name": "@openai/codex",
      "version": "0.154.0-linux-arm64",
      "resolved": "https://registry.npmjs.org/@openai/codex/-/codex-0.154.0-linux-arm64.tgz",
      "integrity": "sha512-KmTCB6ST484zeYlPpKP/K5P/gRaYmt6TihVD+zotoe6O9q0JSBP+FYvCz4A/zZXR7xDOHURTSjHp0sD8wWS0YQ==",
      "cpu": [
        "arm64"
      ],
      "optional": true,
      "os": [
        "linux"
      ],
      "engines": {
        "node": ">=16"
      }
    },
    "node_modules/@openai/codex-linux-x64": {
      "name": "@openai/codex",
      "version": "0.154.0-linux-x64",
      "resolved": "https://registry.npmjs.org/@openai/codex/-/codex-0.154.0-linux-x64.tgz",
      "integrity": "sha512-a4FI3A8sGtwGrOqltrPbrS2hajrHQG591EwmRfiRoLMb10VxdBtUGW4gu6IJVYENiYGA7k3P4jlRHEoCZU/s9Q==",
      "cpu": [
        "x64"
      ],
      "optional": true,
      "os": [
        "linux"
      ],
      "engines": {
        "node": ">=16"
      }
    },
    "node_modules/@openai/codex-win32-arm64": {
      "name": "@openai/codex",
      "version": "0.154.0-win32-arm64",
      "resolved": "https://registry.npmjs.org/@openai/codex/-/codex-0.154.0-win32-arm64.tgz",
      "integrity": "sha512-CRUmZnE0Y/a8aLMrrA681EytOGaPaF659wJAiI4I3hsbQjaeYBSPV7PkCjy4Qn5LR/fmwIUORVH+6JaBNQL+tw==",
      "cpu": [
        "arm64"
      ],
      "optional": true,
      "os": [
        "win32"
      ],
      "engines": {
        "node": ">=16"
      }
    },
    "node_modules/@openai/codex-win32-x64": {
      "name": "@openai/codex",
      "version": "0.154.0-win32-x64",
      "resolved": "https://registry.npmjs.org/@openai/codex/-/codex-0.154.0-win32-x64.tgz",
      "integrity": "sha512-Stg2KEJPIKVqPPR1wCverGOR4ey3RR3cvakR07w7FNKQUMzmHaOZomRsP2bR1qOT/67yHsks9rB+MCMfIWXcRA==",
      "cpu": [
        "x64"
      ],
      "optional": true,
      "os": [
        "win32"
      ],
      "engines": {
        "node": ">=16"
      }
    },
    "node_modules/@types/node": {
      "version": "22.20.3",
      "resolved": "https://registry.npmjs.org/@types/node/-/node-22.20.3.tgz",
      "integrity": "sha512-DZmzkmwHzXrLPAXPyKNDzlIwMMUZCVacoD25ywdy5YTKGbOx/2ld+Q38Im2zJ0vBuZP5Prd3VZutKZyXwkOS8A==",
      "dev": true,
      "license": "MIT",
      "dependencies": {
        "undici-types": "~6.21.0"
      }
    },
    "node_modules/typescript": {
      "version": "5.9.3",
      "resolved": "https://registry.npmjs.org/typescript/-/typescript-5.9.3.tgz",
      "integrity": "sha512-jl1vZzPDinLr9eUt3J/t7V6FgNEw9QjvBPdysz9KfQDD41fQrC2Y4vKQdiaUpFT4bXlb1RHhLpp8wtm6M5TgSw==",
      "dev": true,
      "license": "Apache-2.0",
      "bin": {
        "tsc": "bin/tsc",
        "tsserver": "bin/tsserver"
      },
      "engines": {
        "node": ">=14.17"
      }
    },
    "node_modules/undici-types": {
      "version": "6.21.0",
      "resolved": "https://registry.npmjs.org/undici-types/-/undici-types-6.21.0.tgz",
      "integrity": "sha512-iwDZqg0QAGrg9Rav5H4n0M64c3mkR59cJ6wQp+7C4nI0gsmExaedaYLNO44eT4AtBBwjbTiGPMlt2Md0T9H9JQ==",
      "dev": true,
      "license": "MIT"
    }
  }
}
